
Microsoft Visual Studio Solution File, Format Version 12.00
# Visual Studio 15
VisualStudioVersion = 15.0.28307.329
MinimumVisualStudioVersion = 10.0.40219.1
Project("{FAE04EC0-301F-11D3-BF4B-00C04F79EFBC}") = "ThemeParkRater.WebMVC", "ThemeParkRater.WebMVC\ThemeParkRater.WebMVC.csproj", "{5CD0E519-25A8-43E2-BE04-864645E7BD22}"
EndProject
Project("{FAE04EC0-301F-11D3-BF4B-00C04F79EFBC}") = "ThemeParkRater.Data", "ThemeParkRater.Data\ThemeParkRater.Data.csproj", "{3DFB7C90-4552-4FD9-97EC-79EE41C7B500}"
EndProject
Project("{FAE04EC0-301F-11D3-BF4B-00C04F79EFBC}") = "ThemeParkRater.Services", "ThemeParkRater.Services\ThemeParkRater.Services.csproj", "{6559B021-F547-498B-9780-757CE284B64F}"
EndProject
Project("{FAE04EC0-301F-11D3-BF4B-00C04F79EFBC}") = "ThemeParkRater.Models", "ThemeParkRater.Models\ThemeParkRater.Models.csproj", "{5D2EBDE6-0EA2-4B1B-8F34-6422B48EBDD1}"
EndProject
Global
	GlobalSection(SolutionConfigurationPlatforms) = preSolution
		Debug|Any CPU = Debug|Any CPU
		Release|Any CPU = Release|Any CPU
	EndGlobalSection
	GlobalSection(ProjectConfigurationPlatforms) = postSolution
		{5CD0E519-25A8-43E2-BE04-864645E7BD22}.Debug|Any CPU.ActiveCfg = Debug|Any CPU
		{5CD0E519-25A8-43E2-BE04-864645E7BD22}.Debug|Any CPU.Build.0 = Debug|Any CPU
		{5CD0E519-25A8-43E2-BE04-864645E7BD22}.Release|Any CPU.ActiveCfg = Release|Any CPU
		{5CD0E519-25A8-43E2-BE04-864645E7BD22}.Release|Any CPU.Build.0 = Release|Any CPU
		{3DFB7C90-4552-4FD9-97EC-79EE41C7B500}.Debug|Any CPU.ActiveCfg = Debug|Any CPU
		{3DFB7C90-4552-4FD9-97EC-79EE41C7B500}.Debug|Any CPU.Build.0 = Debug|Any CPU
		{3DFB7C90-4552-4FD9-97EC-79EE41C7B500}.Release|Any CPU.ActiveCfg = Release|Any CPU
		{3DFB7C90-4552-4FD9-97EC-79EE41C7B500}.Release|Any CPU.Build.0 = Release|Any CPU
		{6559B021-F547-498B-9780-757CE284B64F}.Debug|Any CPU.ActiveCfg = Debug|Any CPU
		{6559B021-F547-498B-9780-757CE284B64F}.Debug|Any CPU.Build.0 = Debug|Any CPU
		{6559B021-F547-498B-9780-757CE284B64F}.Release|Any CPU.ActiveCfg = Release|Any CPU
		{6559B021-F547-498B-9780-757CE284B64F}.Release|Any CPU.Build.0 = Release|Any CPU
		{5D2EBDE6-0EA2-4B1B-8F34-6422B48EBDD1}.Debug|Any CPU.ActiveCfg = Debug|Any CPU
		{5D2EBDE6-0EA2-4B1B-8F34-6422B48EBDD1}.Debug|Any CPU.Build.0 = Debug|Any CPU
		{5D2EBDE6-0EA2-4B1B-8F34-6422B48EBDD1}.Release|Any CPU.ActiveCfg = Release|Any CPU
		{5D2EBDE6-0EA2-4B1B-8F34-6422B48EBDD1}.Release|Any CPU.Build.0 = Release|Any CPU
	EndGlobalSection
	GlobalSection(SolutionProperties) = preSolution
		HideSolutionNode = FALSE
	EndGlobalSection
	GlobalSection(ExtensibilityGlobals) = postSolution
		SolutionGuid = {12598BF2-E7A3-466E-9596-E7B4336EF382}
	EndGlobalSection
EndGlobal
